
Microsoft Visual Studio Solution File, Format Version 12.00
# Visual Studio Version 16
VisualStudioVersion = 16.0.30907.101
MinimumVisualStudioVersion = 10.0.40219.1
Project("{FAE04EC0-301F-11D3-BF4B-00C04F79EFBC}") = "Bussines", "Bussines\Bussines.csproj", "{5F8F8416-0D45-494F-9E99-973D86AE38FD}"
EndProject
Project("{FAE04EC0-301F-11D3-BF4B-00C04F79EFBC}") = "DataAccess", "DataAccess\DataAccess.csproj", "{12DA404B-C7C5-4EED-AA0C-D04A55183AC6}"
EndProject
Project("{FAE04EC0-301F-11D3-BF4B-00C04F79EFBC}") = "Entity", "Entity\Entity.csproj", "{34077C93-2A88-47BB-B644-37E8F433D550}"
EndProject
Project("{FAE04EC0-301F-11D3-BF4B-00C04F79EFBC}") = "ConsoleUI", "ConsoleUI\ConsoleUI.csproj", "{C117F1DA-C627-489C-86DA-E7C6903342DB}"
EndProject
Global
	GlobalSection(SolutionConfigurationPlatforms) = preSolution
		Debug|Any CPU = Debug|Any CPU
		Release|Any CPU = Release|Any CPU
	EndGlobalSection
	GlobalSection(ProjectConfigurationPlatforms) = postSolution
		{5F8F8416-0D45-494F-9E99-973D86AE38FD}.Debug|Any CPU.ActiveCfg = Debug|Any CPU
		{5F8F8416-0D45-494F-9E99-973D86AE38FD}.Debug|Any CPU.Build.0 = Debug|Any CPU
		{5F8F8416-0D45-494F-9E99-973D86AE38FD}.Release|Any CPU.ActiveCfg = Release|Any CPU
		{5F8F8416-0D45-494F-9E99-973D86AE38FD}.Release|Any CPU.Build.0 = Release|Any CPU
		{12DA404B-C7C5-4EED-AA0C-D04A55183AC6}.Debug|Any CPU.ActiveCfg = Debug|Any CPU
		{12DA404B-C7C5-4EED-AA0C-D04A55183AC6}.Debug|Any CPU.Build.0 = Debug|Any CPU
		{12DA404B-C7C5-4EED-AA0C-D04A55183AC6}.Release|Any CPU.ActiveCfg = Release|Any CPU
		{12DA404B-C7C5-4EED-AA0C-D04A55183AC6}.Release|Any CPU.Build.0 = Release|Any CPU
		{34077C93-2A88-47BB-B644-37E8F433D550}.Debug|Any CPU.ActiveCfg = Debug|Any CPU
		{34077C93-2A88-47BB-B644-37E8F433D550}.Debug|Any CPU.Build.0 = Debug|Any CPU
		{34077C93-2A88-47BB-B644-37E8F433D550}.Release|Any CPU.ActiveCfg = Release|Any CPU
		{34077C93-2A88-47BB-B644-37E8F433D550}.Release|Any CPU.Build.0 = Release|Any CPU
		{C117F1DA-C627-489C-86DA-E7C6903342DB}.Debug|Any CPU.ActiveCfg = Debug|Any CPU
		{C117F1DA-C627-489C-86DA-E7C6903342DB}.Debug|Any CPU.Build.0 = Debug|Any CPU
		{C117F1DA-C627-489C-86DA-E7C6903342DB}.Release|Any CPU.ActiveCfg = Release|Any CPU
		{C117F1DA-C627-489C-86DA-E7C6903342DB}.Release|Any CPU.Build.0 = Release|Any CPU
	EndGlobalSection
	GlobalSection(SolutionProperties) = preSolution
		HideSolutionNode = FALSE
	EndGlobalSection
	GlobalSection(ExtensibilityGlobals) = postSolution
		SolutionGuid = {69F18FCD-65CA-4FE9-946A-D35E82A07C51}
	EndGlobalSection
EndGlobal
